// !$*UTF8*$!
{
	archiveVersion = 1;
	classes = {
	};
	objectVersion = 77;
	objects = {

/* Begin PBXBuildFile section */
		017E8F2CD516DA78430866C5 /* LanguagePicker.swift in Sources */ = {isa = PBXBuildFile; fileRef = D054ECA47C669F0F6E230E68 /* LanguagePicker.swift */; };
		0400949DF365A6C63FD597D9 /* PublishTests.swift in Sources */ = {isa = PBXBuildFile; fileRef = 5ACC0882A90904B508A95F6F /* PublishTests.swift */; };
		06930CD71F319AE4EF43816E /* PlayFormatTests.swift in Sources */ = {isa = PBXBuildFile; fileRef = 2C935361BCAA27F70D475F66 /* PlayFormatTests.swift */; };
		1A15BC42334059836F69E0E8 /* PublishView.swift in Sources */ = {isa = PBXBuildFile; fileRef = 442F8B81DD1AC08766EF4A3C /* PublishView.swift */; };
		1BC9CABE27EEC839A761C636 /* TabKeyMonitor.swift in Sources */ = {isa = PBXBuildFile; fileRef = DD92AD10C3725C9B5E2E34F8 /* TabKeyMonitor.swift */; };
		1DA219C965B2CF674124C44B /* Theme.swift in Sources */ = {isa = PBXBuildFile; fileRef = B17F8610078151FC121B6AD9 /* Theme.swift */; };
		24AA7E3DA27FCB5B6ECFE98A /* ClaudeKit in Frameworks */ = {isa = PBXBuildFile; productRef = ABDA3E1FBF2593FF74B90A6E /* ClaudeKit */; };
		32B2822005DDCBDF9E7F4295 /* Assets.xcassets in Resources */ = {isa = PBXBuildFile; fileRef = 8933CDC332742C69B5B85375 /* Assets.xcassets */; };
		36547E43C6E895FA8FBE534A /* SheetUI.swift in Sources */ = {isa = PBXBuildFile; fileRef = 9ED88417F6BFAA3AB35CC3DC /* SheetUI.swift */; };
		3BC38D7DA6C07E651BCAE6C3 /* PlayModel.swift in Sources */ = {isa = PBXBuildFile; fileRef = 2127FAEBB75C2CF9AFDF111B /* PlayModel.swift */; };
		47A69D303732B92AA7EF10CA /* RootView.swift in Sources */ = {isa = PBXBuildFile; fileRef = 15A841C6188596192E6666CE /* RootView.swift */; };
		55B29FCF8942C8A1E3947A1B /* KeySetupView.swift in Sources */ = {isa = PBXBuildFile; fileRef = D90D652024252A8468181983 /* KeySetupView.swift */; };
		5D7629456C1C31710E4AA9A7 /* Translate.swift in Sources */ = {isa = PBXBuildFile; fileRef = 67BB8C08D19B51EC77A42B92 /* Translate.swift */; };
		61C46C6763EC2286672B438E /* Publish.swift in Sources */ = {isa = PBXBuildFile; fileRef = 6CCCA0DD4E115C0819E5BDD0 /* Publish.swift */; };
		6E4712F73FD07DCA5DA3F278 /* AtelierTests.swift in Sources */ = {isa = PBXBuildFile; fileRef = 25E39FF62E4D85AF2B100A5E /* AtelierTests.swift */; };
		7070D7FF3559AD8E5C3536B0 /* PlayFormat.swift in Sources */ = {isa = PBXBuildFile; fileRef = 6F3781D76A801FBE30D1CA53 /* PlayFormat.swift */; };
		74F62846EA100D9C6DF0B189 /* PlayEditorView.swift in Sources */ = {isa = PBXBuildFile; fileRef = FF8B89EE28A54CD1EC9CD0D9 /* PlayEditorView.swift */; };
		79099219C4624E5A57F47E28 /* Intents.swift in Sources */ = {isa = PBXBuildFile; fileRef = 3E5165603F4EAD5377B4FD5B /* Intents.swift */; };
		7DEFA89B4B424DDEB401BBD4 /* CastPanel.swift in Sources */ = {isa = PBXBuildFile; fileRef = F34686CBA80DB13A0D1525CC /* CastPanel.swift */; };
		7E3C02856E281B07E978E768 /* Stats.swift in Sources */ = {isa = PBXBuildFile; fileRef = 80D6E9ECE6DF32532DE93DF9 /* Stats.swift */; };
		841CC3669DA9DB2D4A6F037D /* Atelier.swift in Sources */ = {isa = PBXBuildFile; fileRef = 4C959D85925E534C8528FAED /* Atelier.swift */; };
		894B0D13EE62AB580F322208 /* ScriptReadView.swift in Sources */ = {isa = PBXBuildFile; fileRef = 33744A5AFC25595AEC87F333 /* ScriptReadView.swift */; };
		90A57308CF0D42A982DC9E85 /* Versions.swift in Sources */ = {isa = PBXBuildFile; fileRef = A8FB9223FB4D7F6D203E95E6 /* Versions.swift */; };
		9A7A9C9C2750F39ED7EE0874 /* Editing.swift in Sources */ = {isa = PBXBuildFile; fileRef = 85F69A8DE67A6A180CEF7A60 /* Editing.swift */; };
		A05F1B1E88C79CCB767C21FC /* OnboardingView.swift in Sources */ = {isa = PBXBuildFile; fileRef = 66CAF7D0F3D808204F504140 /* OnboardingView.swift */; };
		AF2BB620AC8F247CC4FDC91B /* TableReadView.swift in Sources */ = {isa = PBXBuildFile; fileRef = 65B608AAA7EB25108A2B3E3D /* TableReadView.swift */; };
		B05EEFD98E51A3222E574FD9 /* VersionsView.swift in Sources */ = {isa = PBXBuildFile; fileRef = BD3E1659701972CAA924A220 /* VersionsView.swift */; };
		B34D06DFE3288A546892F9EF /* StatsTests.swift in Sources */ = {isa = PBXBuildFile; fileRef = A311599E7169E88946C6ABD2 /* StatsTests.swift */; };
		BCADC65648FA4326A5400937 /* AppRouter.swift in Sources */ = {isa = PBXBuildFile; fileRef = 5DC512544BB7E87D56B6C744 /* AppRouter.swift */; };
		C2565DD870BE16465D5F4533 /* VersionsTests.swift in Sources */ = {isa = PBXBuildFile; fileRef = 3DFB4216228ECFF94BE99288 /* VersionsTests.swift */; };
		D6B03DA33F2E0C5EB045CBEB /* BeatBoardView.swift in Sources */ = {isa = PBXBuildFile; fileRef = B5554D762F55CF36DDC8D78C /* BeatBoardView.swift */; };
		D9E5AEFB2D4D46E0FE2AAF73 /* AtelierView.swift in Sources */ = {isa = PBXBuildFile; fileRef = 8E4178D968B33B66F7CEC733 /* AtelierView.swift */; };
		DAF5CCA8AA7E9B672AC57F26 /* EditingTests.swift in Sources */ = {isa = PBXBuildFile; fileRef = 1BC6E46EE727AAA5A2B59302 /* EditingTests.swift */; };
		DBAF8B2BA420BD2E77FE692C /* Keys.swift in Sources */ = {isa = PBXBuildFile; fileRef = 8F2A96FBCFDA91492495565B /* Keys.swift */; };
		DC120FCF2ACDAA225760852C /* LaRepliqueApp.swift in Sources */ = {isa = PBXBuildFile; fileRef = 8259C8C54BD486E3E312772A /* LaRepliqueApp.swift */; };
		E23B5E3A44EB321A362346B9 /* KeyCommandHost.swift in Sources */ = {isa = PBXBuildFile; fileRef = 857AEEAED1A109D53A7D5781 /* KeyCommandHost.swift */; };
		E5395A0EC5877045CF876C30 /* PlayDetailView.swift in Sources */ = {isa = PBXBuildFile; fileRef = 0D039A8AC7CAF85248A4365A /* PlayDetailView.swift */; };
		EF9F6BBF1AB6318AC94E434D /* Persistence.swift in Sources */ = {isa = PBXBuildFile; fileRef = BDC63563BBF37D30ACEB3373 /* Persistence.swift */; };
		F8A0AD5FC24896136D97A8F3 /* sample-play.json in Resources */ = {isa = PBXBuildFile; fileRef = 101AFC926F891560E1112D62 /* sample-play.json */; };
		FA436608FFC864CE39B3F2C2 /* MeasuresView.swift in Sources */ = {isa = PBXBuildFile; fileRef = C4340471FE7CEDA2550E7EFA /* MeasuresView.swift */; };
		FCE26E723AE4DA2494B844FB /* PlayInfoSheet.swift in Sources */ = {isa = PBXBuildFile; fileRef = 2D4060A5C8C00ADBCDBC263E /* PlayInfoSheet.swift */; };
		FE135D83BA8C96A1D3CDC9EA /* Localizable.xcstrings in Resources */ = {isa = PBXBuildFile; fileRef = FF01714DC7BE8CB5BE756FCC /* Localizable.xcstrings */; };
/* End PBXBuildFile section */

/* Begin PBXContainerItemProxy section */
		D631017D8D737F8898DEFA69 /* PBXContainerItemProxy */ = {
			isa = PBXContainerItemProxy;
			containerPortal = 9AD2ACC8BDD242711953D53D /* Project object */;
			proxyType = 1;
			remoteGlobalIDString = 2E2E5C4A68AA9D238306DF97;
			remoteInfo = LaReplique;
		};
/* End PBXContainerItemProxy section */

/* Begin PBXFileReference section */
		0A126504B89F5E2BB5E87929 /* Info.plist */ = {isa = PBXFileReference; lastKnownFileType = text.plist; path = Info.plist; sourceTree = "<group>"; };
		0D039A8AC7CAF85248A4365A /* PlayDetailView.swift */ = {isa = PBXFileReference; lastKnownFileType = sourcecode.swift; path = PlayDetailView.swift; sourceTree = "<group>"; };
		101AFC926F891560E1112D62 /* sample-play.json */ = {isa = PBXFileReference; lastKnownFileType = text.json; path = "sample-play.json"; sourceTree = "<group>"; };
		15A841C6188596192E6666CE /* RootView.swift */ = {isa = PBXFileReference; lastKnownFileType = sourcecode.swift; path = RootView.swift; sourceTree = "<group>"; };
		188EBAEB89B77CB043862770 /* iOS.entitlements */ = {isa = PBXFileReference; lastKnownFileType = text.plist.entitlements; path = iOS.entitlements; sourceTree = "<group>"; };
		1BC6E46EE727AAA5A2B59302 /* EditingTests.swift */ = {isa = PBXFileReference; lastKnownFileType = sourcecode.swift; path = EditingTests.swift; sourceTree = "<group>"; };
		2127FAEBB75C2CF9AFDF111B /* PlayModel.swift */ = {isa = PBXFileReference; lastKnownFileType = sourcecode.swift; path = PlayModel.swift; sourceTree = "<group>"; };
		25E39FF62E4D85AF2B100A5E /* AtelierTests.swift */ = {isa = PBXFileReference; lastKnownFileType = sourcecode.swift; path = AtelierTests.swift; sourceTree = "<group>"; };
		2C935361BCAA27F70D475F66 /* PlayFormatTests.swift */ = {isa = PBXFileReference; lastKnownFileType = sourcecode.swift; path = PlayFormatTests.swift; sourceTree = "<group>"; };
		2D4060A5C8C00ADBCDBC263E /* PlayInfoSheet.swift */ = {isa = PBXFileReference; lastKnownFileType = sourcecode.swift; path = PlayInfoSheet.swift; sourceTree = "<group>"; };
		33744A5AFC25595AEC87F333 /* ScriptReadView.swift */ = {isa = PBXFileReference; lastKnownFileType = sourcecode.swift; path = ScriptReadView.swift; sourceTree = "<group>"; };
		3DFB4216228ECFF94BE99288 /* VersionsTests.swift */ = {isa = PBXFileReference; lastKnownFileType = sourcecode.swift; path = VersionsTests.swift; sourceTree = "<group>"; };
		3E5165603F4EAD5377B4FD5B /* Intents.swift */ = {isa = PBXFileReference; lastKnownFileType = sourcecode.swift; path = Intents.swift; sourceTree = "<group>"; };
		442F8B81DD1AC08766EF4A3C /* PublishView.swift */ = {isa = PBXFileReference; lastKnownFileType = sourcecode.swift; path = PublishView.swift; sourceTree = "<group>"; };
		4C959D85925E534C8528FAED /* Atelier.swift */ = {isa = PBXFileReference; lastKnownFileType = sourcecode.swift; path = Atelier.swift; sourceTree = "<group>"; };
		5321F5D0B403A9B99ED98124 /* LaReplique.app */ = {isa = PBXFileReference; includeInIndex = 0; lastKnownFileType = wrapper.application; path = LaReplique.app; sourceTree = BUILT_PRODUCTS_DIR; };
		5ACC0882A90904B508A95F6F /* PublishTests.swift */ = {isa = PBXFileReference; lastKnownFileType = sourcecode.swift; path = PublishTests.swift; sourceTree = "<group>"; };
		5DC512544BB7E87D56B6C744 /* AppRouter.swift */ = {isa = PBXFileReference; lastKnownFileType = sourcecode.swift; path = AppRouter.swift; sourceTree = "<group>"; };
		65B608AAA7EB25108A2B3E3D /* TableReadView.swift */ = {isa = PBXFileReference; lastKnownFileType = sourcecode.swift; path = TableReadView.swift; sourceTree = "<group>"; };
		66CAF7D0F3D808204F504140 /* OnboardingView.swift */ = {isa = PBXFileReference; lastKnownFileType = sourcecode.swift; path = OnboardingView.swift; sourceTree = "<group>"; };
		67BB8C08D19B51EC77A42B92 /* Translate.swift */ = {isa = PBXFileReference; lastKnownFileType = sourcecode.swift; path = Translate.swift; sourceTree = "<group>"; };
		6CCCA0DD4E115C0819E5BDD0 /* Publish.swift */ = {isa = PBXFileReference; lastKnownFileType = sourcecode.swift; path = Publish.swift; sourceTree = "<group>"; };
		6F3781D76A801FBE30D1CA53 /* PlayFormat.swift */ = {isa = PBXFileReference; lastKnownFileType = sourcecode.swift; path = PlayFormat.swift; sourceTree = "<group>"; };
		80D6E9ECE6DF32532DE93DF9 /* Stats.swift */ = {isa = PBXFileReference; lastKnownFileType = sourcecode.swift; path = Stats.swift; sourceTree = "<group>"; };
		8259C8C54BD486E3E312772A /* LaRepliqueApp.swift */ = {isa = PBXFileReference; lastKnownFileType = sourcecode.swift; path = LaRepliqueApp.swift; sourceTree = "<group>"; };
		857AEEAED1A109D53A7D5781 /* KeyCommandHost.swift */ = {isa = PBXFileReference; lastKnownFileType = sourcecode.swift; path = KeyCommandHost.swift; sourceTree = "<group>"; };
		85F69A8DE67A6A180CEF7A60 /* Editing.swift */ = {isa = PBXFileReference; lastKnownFileType = sourcecode.swift; path = Editing.swift; sourceTree = "<group>"; };
		8933CDC332742C69B5B85375 /* Assets.xcassets */ = {isa = PBXFileReference; lastKnownFileType = folder.assetcatalog; path = Assets.xcassets; sourceTree = "<group>"; };
		8E4178D968B33B66F7CEC733 /* AtelierView.swift */ = {isa = PBXFileReference; lastKnownFileType = sourcecode.swift; path = AtelierView.swift; sourceTree = "<group>"; };
		8F2A96FBCFDA91492495565B /* Keys.swift */ = {isa = PBXFileReference; lastKnownFileType = sourcecode.swift; path = Keys.swift; sourceTree = "<group>"; };
		9ED88417F6BFAA3AB35CC3DC /* SheetUI.swift */ = {isa = PBXFileReference; lastKnownFileType = sourcecode.swift; path = SheetUI.swift; sourceTree = "<group>"; };
		A111263E507B472A5164F649 /* ClaudeKit */ = {isa = PBXFileReference; lastKnownFileType = folder; name = ClaudeKit; path = Vendor/ClaudeKit; sourceTree = SOURCE_ROOT; };
		A311599E7169E88946C6ABD2 /* StatsTests.swift */ = {isa = PBXFileReference; lastKnownFileType = sourcecode.swift; path = StatsTests.swift; sourceTree = "<group>"; };
		A8FB9223FB4D7F6D203E95E6 /* Versions.swift */ = {isa = PBXFileReference; lastKnownFileType = sourcecode.swift; path = Versions.swift; sourceTree = "<group>"; };
		B17F8610078151FC121B6AD9 /* Theme.swift */ = {isa = PBXFileReference; lastKnownFileType = sourcecode.swift; path = Theme.swift; sourceTree = "<group>"; };
		B5554D762F55CF36DDC8D78C /* BeatBoardView.swift */ = {isa = PBXFileReference; lastKnownFileType = sourcecode.swift; path = BeatBoardView.swift; sourceTree = "<group>"; };
		BD3E1659701972CAA924A220 /* VersionsView.swift */ = {isa = PBXFileReference; lastKnownFileType = sourcecode.swift; path = VersionsView.swift; sourceTree = "<group>"; };
		BDC63563BBF37D30ACEB3373 /* Persistence.swift */ = {isa = PBXFileReference; lastKnownFileType = sourcecode.swift; path = Persistence.swift; sourceTree = "<group>"; };
		C4340471FE7CEDA2550E7EFA /* MeasuresView.swift */ = {isa = PBXFileReference; lastKnownFileType = sourcecode.swift; path = MeasuresView.swift; sourceTree = "<group>"; };
		D054ECA47C669F0F6E230E68 /* LanguagePicker.swift */ = {isa = PBXFileReference; lastKnownFileType = sourcecode.swift; path = LanguagePicker.swift; sourceTree = "<group>"; };
		D4A4263EEE0211E43F038787 /* LaRepliqueTests.xctest */ = {isa = PBXFileReference; includeInIndex = 0; lastKnownFileType = wrapper.cfbundle; path = LaRepliqueTests.xctest; sourceTree = BUILT_PRODUCTS_DIR; };
		D90D652024252A8468181983 /* KeySetupView.swift */ = {isa = PBXFileReference; lastKnownFileType = sourcecode.swift; path = KeySetupView.swift; sourceTree = "<group>"; };
		DD92AD10C3725C9B5E2E34F8 /* TabKeyMonitor.swift */ = {isa = PBXFileReference; lastKnownFileType = sourcecode.swift; path = TabKeyMonitor.swift; sourceTree = "<group>"; };
		F34686CBA80DB13A0D1525CC /* CastPanel.swift */ = {isa = PBXFileReference; lastKnownFileType = sourcecode.swift; path = CastPanel.swift; sourceTree = "<group>"; };
		F4DCB8ADC2A6062FD0B12EC8 /* macOS.entitlements */ = {isa = PBXFileReference; lastKnownFileType = text.plist.entitlements; path = macOS.entitlements; sourceTree = "<group>"; };
		FF01714DC7BE8CB5BE756FCC /* Localizable.xcstrings */ = {isa = PBXFileReference; lastKnownFileType = text.json.xcstrings; path = Localizable.xcstrings; sourceTree = "<group>"; };
		FF8B89EE28A54CD1EC9CD0D9 /* PlayEditorView.swift */ = {isa = PBXFileReference; lastKnownFileType = sourcecode.swift; path = PlayEditorView.swift; sourceTree = "<group>"; };
/* End PBXFileReference section */

/* Begin PBXFrameworksBuildPhase section */
		CEA22B622EDAD6E6C576EE96 /* Frameworks */ = {
			isa = PBXFrameworksBuildPhase;
			buildActionMask = 2147483647;
			files = (
				24AA7E3DA27FCB5B6ECFE98A /* ClaudeKit in Frameworks */,
			);
			runOnlyForDeploymentPostprocessing = 0;
		};
/* End PBXFrameworksBuildPhase section */

/* Begin PBXGroup section */
		0DFAE326AA0ACB13EFB3646E = {
			isa = PBXGroup;
			children = (
				D2E18BE2B742F99D721C5573 /* Packages */,
				F61997EB3D73689572D407A9 /* Sources */,
				27FA0C06E680AE4A767C55A8 /* Tests */,
				D5ED6EBA6044B79510BFFD63 /* Products */,
			);
			sourceTree = "<group>";
		};
		27FA0C06E680AE4A767C55A8 /* Tests */ = {
			isa = PBXGroup;
			children = (
				25E39FF62E4D85AF2B100A5E /* AtelierTests.swift */,
				1BC6E46EE727AAA5A2B59302 /* EditingTests.swift */,
				2C935361BCAA27F70D475F66 /* PlayFormatTests.swift */,
				5ACC0882A90904B508A95F6F /* PublishTests.swift */,
				A311599E7169E88946C6ABD2 /* StatsTests.swift */,
				3DFB4216228ECFF94BE99288 /* VersionsTests.swift */,
			);
			path = Tests;
			sourceTree = "<group>";
		};
		825CA54E63CE15DD17E376F9 /* Models */ = {
			isa = PBXGroup;
			children = (
				85F69A8DE67A6A180CEF7A60 /* Editing.swift */,
				BDC63563BBF37D30ACEB3373 /* Persistence.swift */,
				6F3781D76A801FBE30D1CA53 /* PlayFormat.swift */,
				2127FAEBB75C2CF9AFDF111B /* PlayModel.swift */,
				6CCCA0DD4E115C0819E5BDD0 /* Publish.swift */,
				80D6E9ECE6DF32532DE93DF9 /* Stats.swift */,
				A8FB9223FB4D7F6D203E95E6 /* Versions.swift */,
			);
			path = Models;
			sourceTree = "<group>";
		};
		B0A37F4212219FCA400EB4E9 /* UI */ = {
			isa = PBXGroup;
			children = (
				8E4178D968B33B66F7CEC733 /* AtelierView.swift */,
				B5554D762F55CF36DDC8D78C /* BeatBoardView.swift */,
				F34686CBA80DB13A0D1525CC /* CastPanel.swift */,
				857AEEAED1A109D53A7D5781 /* KeyCommandHost.swift */,
				D90D652024252A8468181983 /* KeySetupView.swift */,
				D054ECA47C669F0F6E230E68 /* LanguagePicker.swift */,
				C4340471FE7CEDA2550E7EFA /* MeasuresView.swift */,
				66CAF7D0F3D808204F504140 /* OnboardingView.swift */,
				0D039A8AC7CAF85248A4365A /* PlayDetailView.swift */,
				FF8B89EE28A54CD1EC9CD0D9 /* PlayEditorView.swift */,
				2D4060A5C8C00ADBCDBC263E /* PlayInfoSheet.swift */,
				442F8B81DD1AC08766EF4A3C /* PublishView.swift */,
				15A841C6188596192E6666CE /* RootView.swift */,
				33744A5AFC25595AEC87F333 /* ScriptReadView.swift */,
				9ED88417F6BFAA3AB35CC3DC /* SheetUI.swift */,
				DD92AD10C3725C9B5E2E34F8 /* TabKeyMonitor.swift */,
				65B608AAA7EB25108A2B3E3D /* TableReadView.swift */,
				BD3E1659701972CAA924A220 /* VersionsView.swift */,
			);
			path = UI;
			sourceTree = "<group>";
		};
		B84FEA536A3A0AC7586AB376 /* Design */ = {
			isa = PBXGroup;
			children = (
				B17F8610078151FC121B6AD9 /* Theme.swift */,
			);
			path = Design;
			sourceTree = "<group>";
		};
		D2E18BE2B742F99D721C5573 /* Packages */ = {
			isa = PBXGroup;
			children = (
				A111263E507B472A5164F649 /* ClaudeKit */,
			);
			name = Packages;
			sourceTree = "<group>";
		};
		D2F748375511D12399FB21E4 /* Resources */ = {
			isa = PBXGroup;
			children = (
				8933CDC332742C69B5B85375 /* Assets.xcassets */,
				0A126504B89F5E2BB5E87929 /* Info.plist */,
				188EBAEB89B77CB043862770 /* iOS.entitlements */,
				FF01714DC7BE8CB5BE756FCC /* Localizable.xcstrings */,
				F4DCB8ADC2A6062FD0B12EC8 /* macOS.entitlements */,
				101AFC926F891560E1112D62 /* sample-play.json */,
			);
			path = Resources;
			sourceTree = "<group>";
		};
		D5ED6EBA6044B79510BFFD63 /* Products */ = {
			isa = PBXGroup;
			children = (
				5321F5D0B403A9B99ED98124 /* LaReplique.app */,
				D4A4263EEE0211E43F038787 /* LaRepliqueTests.xctest */,
			);
			name = Products;
			sourceTree = "<group>";
		};
		F0F81E6ADD68D51E886D3AAE /* AI */ = {
			isa = PBXGroup;
			children = (
				4C959D85925E534C8528FAED /* Atelier.swift */,
				8F2A96FBCFDA91492495565B /* Keys.swift */,
				67BB8C08D19B51EC77A42B92 /* Translate.swift */,
			);
			path = AI;
			sourceTree = "<group>";
		};
		F61997EB3D73689572D407A9 /* Sources */ = {
			isa = PBXGroup;
			children = (
				8259C8C54BD486E3E312772A /* LaRepliqueApp.swift */,
				F0F81E6ADD68D51E886D3AAE /* AI */,
				B84FEA536A3A0AC7586AB376 /* Design */,
				FE713484718461EE07945FDB /* Intents */,
				825CA54E63CE15DD17E376F9 /* Models */,
				D2F748375511D12399FB21E4 /* Resources */,
				B0A37F4212219FCA400EB4E9 /* UI */,
			);
			path = Sources;
			sourceTree = "<group>";
		};
		FE713484718461EE07945FDB /* Intents */ = {
			isa = PBXGroup;
			children = (
				5DC512544BB7E87D56B6C744 /* AppRouter.swift */,
				3E5165603F4EAD5377B4FD5B /* Intents.swift */,
			);
			path = Intents;
			sourceTree = "<group>";
		};
/* End PBXGroup section */

/* Begin PBXNativeTarget section */
		2E2E5C4A68AA9D238306DF97 /* LaReplique */ = {
			isa = PBXNativeTarget;
			buildConfigurationList = 8D697E55FFAB00572352491A /* Build configuration list for PBXNativeTarget "LaReplique" */;
			buildPhases = (
				A982312FFC5402A155C2B1FF /* Sources */,
				9E2B7E2C47F9409D78512EDB /* Resources */,
				CEA22B622EDAD6E6C576EE96 /* Frameworks */,
			);
			buildRules = (
			);
			dependencies = (
			);
			name = LaReplique;
			packageProductDependencies = (
				ABDA3E1FBF2593FF74B90A6E /* ClaudeKit */,
			);
			productName = LaReplique;
			productReference = 5321F5D0B403A9B99ED98124 /* LaReplique.app */;
			productType = "com.apple.product-type.application";
		};
		EA2B27B5F78C558811A7DC3D /* LaRepliqueTests */ = {
			isa = PBXNativeTarget;
			buildConfigurationList = 8BABBB50C29CF523AD07107C /* Build configuration list for PBXNativeTarget "LaRepliqueTests" */;
			buildPhases = (
				A27B303636A82D02608576FE /* Sources */,
			);
			buildRules = (
			);
			dependencies = (
				E06D68F47C7F524948A43AAD /* PBXTargetDependency */,
			);
			name = LaRepliqueTests;
			packageProductDependencies = (
			);
			productName = LaRepliqueTests;
			productReference = D4A4263EEE0211E43F038787 /* LaRepliqueTests.xctest */;
			productType = "com.apple.product-type.bundle.unit-test";
		};
/* End PBXNativeTarget section */

/* Begin PBXProject section */
		9AD2ACC8BDD242711953D53D /* Project object */ = {
			isa = PBXProject;
			attributes = {
				BuildIndependentTargetsInParallel = YES;
				LastUpgradeCheck = 1430;
				TargetAttributes = {
					2E2E5C4A68AA9D238306DF97 = {
						DevelopmentTeam = 9WZ66DZ69J;
						ProvisioningStyle = Automatic;
					};
					EA2B27B5F78C558811A7DC3D = {
						DevelopmentTeam = 9WZ66DZ69J;
						ProvisioningStyle = Automatic;
					};
				};
			};
			buildConfigurationList = 166C4FE4834F778FEBDF5A21 /* Build configuration list for PBXProject "LaReplique" */;
			developmentRegion = fr;
			hasScannedForEncodings = 0;
			knownRegions = (
				Base,
				en,
				fr,
			);
			mainGroup = 0DFAE326AA0ACB13EFB3646E;
			minimizedProjectReferenceProxies = 1;
			packageReferences = (
				6C8E3E4FDA3F6F57815930BF /* XCLocalSwiftPackageReference "Vendor/ClaudeKit" */,
			);
			preferredProjectObjectVersion = 77;
			productRefGroup = D5ED6EBA6044B79510BFFD63 /* Products */;
			projectDirPath = "";
			projectRoot = "";
			targets = (
				2E2E5C4A68AA9D238306DF97 /* LaReplique */,
				EA2B27B5F78C558811A7DC3D /* LaRepliqueTests */,
			);
		};
/* End PBXProject section */

/* Begin PBXResourcesBuildPhase section */
		9E2B7E2C47F9409D78512EDB /* Resources */ = {
			isa = PBXResourcesBuildPhase;
			buildActionMask = 2147483647;
			files = (
				32B2822005DDCBDF9E7F4295 /* Assets.xcassets in Resources */,
				FE135D83BA8C96A1D3CDC9EA /* Localizable.xcstrings in Resources */,
				F8A0AD5FC24896136D97A8F3 /* sample-play.json in Resources */,
			);
			runOnlyForDeploymentPostprocessing = 0;
		};
/* End PBXResourcesBuildPhase section */

/* Begin PBXSourcesBuildPhase section */
		A27B303636A82D02608576FE /* Sources */ = {
			isa = PBXSourcesBuildPhase;
			buildActionMask = 2147483647;
			files = (
				6E4712F73FD07DCA5DA3F278 /* AtelierTests.swift in Sources */,
				DAF5CCA8AA7E9B672AC57F26 /* EditingTests.swift in Sources */,
				06930CD71F319AE4EF43816E /* PlayFormatTests.swift in Sources */,
				0400949DF365A6C63FD597D9 /* PublishTests.swift in Sources */,
				B34D06DFE3288A546892F9EF /* StatsTests.swift in Sources */,
				C2565DD870BE16465D5F4533 /* VersionsTests.swift in Sources */,
			);
			runOnlyForDeploymentPostprocessing = 0;
		};
		A982312FFC5402A155C2B1FF /* Sources */ = {
			isa = PBXSourcesBuildPhase;
			buildActionMask = 2147483647;
			files = (
				BCADC65648FA4326A5400937 /* AppRouter.swift in Sources */,
				841CC3669DA9DB2D4A6F037D /* Atelier.swift in Sources */,
				D9E5AEFB2D4D46E0FE2AAF73 /* AtelierView.swift in Sources */,
				D6B03DA33F2E0C5EB045CBEB /* BeatBoardView.swift in Sources */,
				7DEFA89B4B424DDEB401BBD4 /* CastPanel.swift in Sources */,
				9A7A9C9C2750F39ED7EE0874 /* Editing.swift in Sources */,
				79099219C4624E5A57F47E28 /* Intents.swift in Sources */,
				E23B5E3A44EB321A362346B9 /* KeyCommandHost.swift in Sources */,
				55B29FCF8942C8A1E3947A1B /* KeySetupView.swift in Sources */,
				DBAF8B2BA420BD2E77FE692C /* Keys.swift in Sources */,
				DC120FCF2ACDAA225760852C /* LaRepliqueApp.swift in Sources */,
				017E8F2CD516DA78430866C5 /* LanguagePicker.swift in Sources */,
				FA436608FFC864CE39B3F2C2 /* MeasuresView.swift in Sources */,
				A05F1B1E88C79CCB767C21FC /* OnboardingView.swift in Sources */,
				EF9F6BBF1AB6318AC94E434D /* Persistence.swift in Sources */,
				E5395A0EC5877045CF876C30 /* PlayDetailView.swift in Sources */,
				74F62846EA100D9C6DF0B189 /* PlayEditorView.swift in Sources */,
				7070D7FF3559AD8E5C3536B0 /* PlayFormat.swift in Sources */,
				FCE26E723AE4DA2494B844FB /* PlayInfoSheet.swift in Sources */,
				3BC38D7DA6C07E651BCAE6C3 /* PlayModel.swift in Sources */,
				61C46C6763EC2286672B438E /* Publish.swift in Sources */,
				1A15BC42334059836F69E0E8 /* PublishView.swift in Sources */,
				47A69D303732B92AA7EF10CA /* RootView.swift in Sources */,
				894B0D13EE62AB580F322208 /* ScriptReadView.swift in Sources */,
				36547E43C6E895FA8FBE534A /* SheetUI.swift in Sources */,
				7E3C02856E281B07E978E768 /* Stats.swift in Sources */,
				1BC9CABE27EEC839A761C636 /* TabKeyMonitor.swift in Sources */,
				AF2BB620AC8F247CC4FDC91B /* TableReadView.swift in Sources */,
				1DA219C965B2CF674124C44B /* Theme.swift in Sources */,
				5D7629456C1C31710E4AA9A7 /* Translate.swift in Sources */,
				90A57308CF0D42A982DC9E85 /* Versions.swift in Sources */,
				B05EEFD98E51A3222E574FD9 /* VersionsView.swift in Sources */,
			);
			runOnlyForDeploymentPostprocessing = 0;
		};
/* End PBXSourcesBuildPhase section */

/* Begin PBXTargetDependency section */
		E06D68F47C7F524948A43AAD /* PBXTargetDependency */ = {
			isa = PBXTargetDependency;
			target = 2E2E5C4A68AA9D238306DF97 /* LaReplique */;
			targetProxy = D631017D8D737F8898DEFA69 /* PBXContainerItemProxy */;
		};
/* End PBXTargetDependency section */

/* Begin XCBuildConfiguration section */
		038283F3A9315435906B0C5D /* Release */ = {
			isa = XCBuildConfiguration;
			buildSettings = {
				ALWAYS_SEARCH_USER_PATHS = NO;
				CLANG_ANALYZER_NONNULL = YES;
				CLANG_ANALYZER_NUMBER_OBJECT_CONVERSION = YES_AGGRESSIVE;
				CLANG_CXX_LANGUAGE_STANDARD = "gnu++14";
				CLANG_CXX_LIBRARY = "libc++";
				CLANG_ENABLE_MODULES = YES;
				CLANG_ENABLE_OBJC_ARC = YES;
				CLANG_ENABLE_OBJC_WEAK = YES;
				CLANG_WARN_BLOCK_CAPTURE_AUTORELEASING = YES;
				CLANG_WARN_BOOL_CONVERSION = YES;
				CLANG_WARN_COMMA = YES;
				CLANG_WARN_CONSTANT_CONVERSION = YES;
				CLANG_WARN_DEPRECATED_OBJC_IMPLEMENTATIONS = YES;
				CLANG_WARN_DIRECT_OBJC_ISA_USAGE = YES_ERROR;
				CLANG_WARN_DOCUMENTATION_COMMENTS = YES;
				CLANG_WARN_EMPTY_BODY = YES;
				CLANG_WARN_ENUM_CONVERSION = YES;
				CLANG_WARN_INFINITE_RECURSION = YES;
				CLANG_WARN_INT_CONVERSION = YES;
				CLANG_WARN_NON_LITERAL_NULL_CONVERSION = YES;
				CLANG_WARN_OBJC_IMPLICIT_RETAIN_SELF = YES;
				CLANG_WARN_OBJC_LITERAL_CONVERSION = YES;
				CLANG_WARN_OBJC_ROOT_CLASS = YES_ERROR;
				CLANG_WARN_QUOTED_INCLUDE_IN_FRAMEWORK_HEADER = YES;
				CLANG_WARN_RANGE_LOOP_ANALYSIS = YES;
				CLANG_WARN_STRICT_PROTOTYPES = YES;
				CLANG_WARN_SUSPICIOUS_MOVE = YES;
				CLANG_WARN_UNGUARDED_AVAILABILITY = YES_AGGRESSIVE;
				CLANG_WARN_UNREACHABLE_CODE = YES;
				CLANG_WARN__DUPLICATE_METHOD_MATCH = YES;
				CODE_SIGN_STYLE = Automatic;
				COPY_PHASE_STRIP = NO;
				CURRENT_PROJECT_VERSION = 1;
				DEBUG_INFORMATION_FORMAT = "dwarf-with-dsym";
				DEVELOPMENT_TEAM = 9WZ66DZ69J;
				ENABLE_NS_ASSERTIONS = NO;
				ENABLE_STRICT_OBJC_MSGSEND = YES;
				ENABLE_USER_SCRIPT_SANDBOXING = YES;
				GCC_C_LANGUAGE_STANDARD = gnu11;
				GCC_NO_COMMON_BLOCKS = YES;
				GCC_WARN_64_TO_32_BIT_CONVERSION = YES;
				GCC_WARN_ABOUT_RETURN_TYPE = YES_ERROR;
				GCC_WARN_UNDECLARED_SELECTOR = YES;
				GCC_WARN_UNINITIALIZED_AUTOS = YES_AGGRESSIVE;
				GCC_WARN_UNUSED_FUNCTION = YES;
				GCC_WARN_UNUSED_VARIABLE = YES;
				GENERATE_INFOPLIST_FILE = NO;
				IPHONEOS_DEPLOYMENT_TARGET = 17.0;
				MACOSX_DEPLOYMENT_TARGET = 14.0;
				MARKETING_VERSION = 1.0;
				MTL_ENABLE_DEBUG_INFO = NO;
				MTL_FAST_MATH = YES;
				PRODUCT_NAME = "$(TARGET_NAME)";
				SDKROOT = auto;
				SWIFT_COMPILATION_MODE = wholemodule;
				SWIFT_EMIT_LOC_STRINGS = YES;
				SWIFT_OPTIMIZATION_LEVEL = "-O";
				SWIFT_VERSION = 6.0;
			};
			name = Release;
		};
		82C8C958BB5503A6B59C54AE /* Debug */ = {
			isa = XCBuildConfiguration;
			buildSettings = {
				BUNDLE_LOADER = "$(TEST_HOST)";
				GENERATE_INFOPLIST_FILE = YES;
				LD_RUNPATH_SEARCH_PATHS = (
					"$(inherited)",
					"@executable_path/Frameworks",
					"@loader_path/Frameworks",
				);
				PRODUCT_BUNDLE_IDENTIFIER = app.atelier.lareplique.tests;
				SDKROOT = auto;
				SUPPORTED_PLATFORMS = "iphoneos iphonesimulator macosx";
				SUPPORTS_MACCATALYST = NO;
				SUPPORTS_MAC_DESIGNED_FOR_IPHONE_IPAD = NO;
				SUPPORTS_XR_DESIGNED_FOR_IPHONE_IPAD = YES;
				TARGETED_DEVICE_FAMILY = "1,2";
				TEST_HOST = "$(BUILT_PRODUCTS_DIR)/LaReplique.app/LaReplique";
				"TEST_HOST[sdk=macosx*]" = "$(BUILT_PRODUCTS_DIR)/LaReplique.app/Contents/MacOS/LaReplique";
			};
			name = Debug;
		};
		A99B7C61CF3514F52A7D9D73 /* Debug */ = {
			isa = XCBuildConfiguration;
			buildSettings = {
				ASSETCATALOG_COMPILER_APPICON_NAME = AppIcon;
				"CODE_SIGN_ENTITLEMENTS[sdk=iphoneos*]" = Sources/Resources/iOS.entitlements;
				"CODE_SIGN_ENTITLEMENTS[sdk=iphonesimulator*]" = Sources/Resources/iOS.entitlements;
				"CODE_SIGN_ENTITLEMENTS[sdk=macosx*]" = Sources/Resources/macOS.entitlements;
				CODE_SIGN_IDENTITY = "iPhone Developer";
				ENABLE_PREVIEWS = YES;
				INFOPLIST_FILE = Sources/Resources/Info.plist;
				LD_RUNPATH_SEARCH_PATHS = (
					"$(inherited)",
					"@executable_path/Frameworks",
				);
				PRODUCT_BUNDLE_IDENTIFIER = app.atelier.lareplique;
				SDKROOT = auto;
				SUPPORTED_PLATFORMS = "iphoneos iphonesimulator macosx";
				SUPPORTS_MACCATALYST = NO;
				SUPPORTS_MAC_DESIGNED_FOR_IPHONE_IPAD = NO;
				SUPPORTS_XR_DESIGNED_FOR_IPHONE_IPAD = YES;
				TARGETED_DEVICE_FAMILY = "1,2";
			};
			name = Debug;
		};
		C5B69CA599B1309E8698EFC8 /* Release */ = {
			isa = XCBuildConfiguration;
			buildSettings = {
				BUNDLE_LOADER = "$(TEST_HOST)";
				GENERATE_INFOPLIST_FILE = YES;
				LD_RUNPATH_SEARCH_PATHS = (
					"$(inherited)",
					"@executable_path/Frameworks",
					"@loader_path/Frameworks",
				);
				PRODUCT_BUNDLE_IDENTIFIER = app.atelier.lareplique.tests;
				SDKROOT = auto;
				SUPPORTED_PLATFORMS = "iphoneos iphonesimulator macosx";
				SUPPORTS_MACCATALYST = NO;
				SUPPORTS_MAC_DESIGNED_FOR_IPHONE_IPAD = NO;
				SUPPORTS_XR_DESIGNED_FOR_IPHONE_IPAD = YES;
				TARGETED_DEVICE_FAMILY = "1,2";
				TEST_HOST = "$(BUILT_PRODUCTS_DIR)/LaReplique.app/LaReplique";
				"TEST_HOST[sdk=macosx*]" = "$(BUILT_PRODUCTS_DIR)/LaReplique.app/Contents/MacOS/LaReplique";
			};
			name = Release;
		};
		F4908BB45FDCD901B67A67BB /* Debug */ = {
			isa = XCBuildConfiguration;
			buildSettings = {
				ALWAYS_SEARCH_USER_PATHS = NO;
				CLANG_ANALYZER_NONNULL = YES;
				CLANG_ANALYZER_NUMBER_OBJECT_CONVERSION = YES_AGGRESSIVE;
				CLANG_CXX_LANGUAGE_STANDARD = "gnu++14";
				CLANG_CXX_LIBRARY = "libc++";
				CLANG_ENABLE_MODULES = YES;
				CLANG_ENABLE_OBJC_ARC = YES;
				CLANG_ENABLE_OBJC_WEAK = YES;
				CLANG_WARN_BLOCK_CAPTURE_AUTORELEASING = YES;
				CLANG_WARN_BOOL_CONVERSION = YES;
				CLANG_WARN_COMMA = YES;
				CLANG_WARN_CONSTANT_CONVERSION = YES;
				CLANG_WARN_DEPRECATED_OBJC_IMPLEMENTATIONS = YES;
				CLANG_WARN_DIRECT_OBJC_ISA_USAGE = YES_ERROR;
				CLANG_WARN_DOCUMENTATION_COMMENTS = YES;
				CLANG_WARN_EMPTY_BODY = YES;
				CLANG_WARN_ENUM_CONVERSION = YES;
				CLANG_WARN_INFINITE_RECURSION = YES;
				CLANG_WARN_INT_CONVERSION = YES;
				CLANG_WARN_NON_LITERAL_NULL_CONVERSION = YES;
				CLANG_WARN_OBJC_IMPLICIT_RETAIN_SELF = YES;
				CLANG_WARN_OBJC_LITERAL_CONVERSION = YES;
				CLANG_WARN_OBJC_ROOT_CLASS = YES_ERROR;
				CLANG_WARN_QUOTED_INCLUDE_IN_FRAMEWORK_HEADER = YES;
				CLANG_WARN_RANGE_LOOP_ANALYSIS = YES;
				CLANG_WARN_STRICT_PROTOTYPES = YES;
				CLANG_WARN_SUSPICIOUS_MOVE = YES;
				CLANG_WARN_UNGUARDED_AVAILABILITY = YES_AGGRESSIVE;
				CLANG_WARN_UNREACHABLE_CODE = YES;
				CLANG_WARN__DUPLICATE_METHOD_MATCH = YES;
				CODE_SIGN_STYLE = Automatic;
				COPY_PHASE_STRIP = NO;
				CURRENT_PROJECT_VERSION = 1;
				DEBUG_INFORMATION_FORMAT = dwarf;
				DEVELOPMENT_TEAM = 9WZ66DZ69J;
				ENABLE_STRICT_OBJC_MSGSEND = YES;
				ENABLE_TESTABILITY = YES;
				ENABLE_USER_SCRIPT_SANDBOXING = YES;
				GCC_C_LANGUAGE_STANDARD = gnu11;
				GCC_DYNAMIC_NO_PIC = NO;
				GCC_NO_COMMON_BLOCKS = YES;
				GCC_OPTIMIZATION_LEVEL = 0;
				GCC_PREPROCESSOR_DEFINITIONS = (
					"$(inherited)",
					"DEBUG=1",
				);
				GCC_WARN_64_TO_32_BIT_CONVERSION = YES;
				GCC_WARN_ABOUT_RETURN_TYPE = YES_ERROR;
				GCC_WARN_UNDECLARED_SELECTOR = YES;
				GCC_WARN_UNINITIALIZED_AUTOS = YES_AGGRESSIVE;
				GCC_WARN_UNUSED_FUNCTION = YES;
				GCC_WARN_UNUSED_VARIABLE = YES;
				GENERATE_INFOPLIST_FILE = NO;
				IPHONEOS_DEPLOYMENT_TARGET = 17.0;
				MACOSX_DEPLOYMENT_TARGET = 14.0;
				MARKETING_VERSION = 1.0;
				MTL_ENABLE_DEBUG_INFO = INCLUDE_SOURCE;
				MTL_FAST_MATH = YES;
				ONLY_ACTIVE_ARCH = YES;
				PRODUCT_NAME = "$(TARGET_NAME)";
				SDKROOT = auto;
				SWIFT_ACTIVE_COMPILATION_CONDITIONS = DEBUG;
				SWIFT_EMIT_LOC_STRINGS = YES;
				SWIFT_OPTIMIZATION_LEVEL = "-Onone";
				SWIFT_VERSION = 6.0;
			};
			name = Debug;
		};
		FD0C4E9BC79995AE51584EEC /* Release */ = {
			isa = XCBuildConfiguration;
			buildSettings = {
				ASSETCATALOG_COMPILER_APPICON_NAME = AppIcon;
				"CODE_SIGN_ENTITLEMENTS[sdk=iphoneos*]" = Sources/Resources/iOS.entitlements;
				"CODE_SIGN_ENTITLEMENTS[sdk=iphonesimulator*]" = Sources/Resources/iOS.entitlements;
				"CODE_SIGN_ENTITLEMENTS[sdk=macosx*]" = Sources/Resources/macOS.entitlements;
				CODE_SIGN_IDENTITY = "iPhone Developer";
				ENABLE_PREVIEWS = YES;
				INFOPLIST_FILE = Sources/Resources/Info.plist;
				LD_RUNPATH_SEARCH_PATHS = (
					"$(inherited)",
					"@executable_path/Frameworks",
				);
				PRODUCT_BUNDLE_IDENTIFIER = app.atelier.lareplique;
				SDKROOT = auto;
				SUPPORTED_PLATFORMS = "iphoneos iphonesimulator macosx";
				SUPPORTS_MACCATALYST = NO;
				SUPPORTS_MAC_DESIGNED_FOR_IPHONE_IPAD = NO;
				SUPPORTS_XR_DESIGNED_FOR_IPHONE_IPAD = YES;
				TARGETED_DEVICE_FAMILY = "1,2";
			};
			name = Release;
		};
/* End XCBuildConfiguration section */

/* Begin XCConfigurationList section */
		166C4FE4834F778FEBDF5A21 /* Build configuration list for PBXProject "LaReplique" */ = {
			isa = XCConfigurationList;
			buildConfigurations = (
				F4908BB45FDCD901B67A67BB /* Debug */,
				038283F3A9315435906B0C5D /* Release */,
			);
			defaultConfigurationIsVisible = 0;
			defaultConfigurationName = Debug;
		};
		8BABBB50C29CF523AD07107C /* Build configuration list for PBXNativeTarget "LaRepliqueTests" */ = {
			isa = XCConfigurationList;
			buildConfigurations = (
				82C8C958BB5503A6B59C54AE /* Debug */,
				C5B69CA599B1309E8698EFC8 /* Release */,
			);
			defaultConfigurationIsVisible = 0;
			defaultConfigurationName = Debug;
		};
		8D697E55FFAB00572352491A /* Build configuration list for PBXNativeTarget "LaReplique" */ = {
			isa = XCConfigurationList;
			buildConfigurations = (
				A99B7C61CF3514F52A7D9D73 /* Debug */,
				FD0C4E9BC79995AE51584EEC /* Release */,
			);
			defaultConfigurationIsVisible = 0;
			defaultConfigurationName = Debug;
		};
/* End XCConfigurationList section */

/* Begin XCLocalSwiftPackageReference section */
		6C8E3E4FDA3F6F57815930BF /* XCLocalSwiftPackageReference "Vendor/ClaudeKit" */ = {
			isa = XCLocalSwiftPackageReference;
			relativePath = Vendor/ClaudeKit;
		};
/* End XCLocalSwiftPackageReference section */

/* Begin XCSwiftPackageProductDependency section */
		ABDA3E1FBF2593FF74B90A6E /* ClaudeKit */ = {
			isa = XCSwiftPackageProductDependency;
			productName = ClaudeKit;
		};
/* End XCSwiftPackageProductDependency section */
	};
	rootObject = 9AD2ACC8BDD242711953D53D /* Project object */;
}
